{
  "version": 4,
  "terraform_version": "1.12.1",
  "serial": 1,
  "lineage": "e3b73940-4e3a-18fc-9d48-16b293ba0e84",
  "outputs": {},
  "resources": [
    {
      "mode": "managed",
      "type": "aws_vpc",
      "name": "jc_vpc",
      "provider": "provider[\"registry.terraform.io/hashicorp/aws\"]",
      "instances": [
        {
          "schema_version": 1,
          "attributes": {
            "arn": "arn:aws:ec2:us-west-2:573137513283:vpc/vpc-08e549599bac0693c",
            "assign_generated_ipv6_cidr_block": false,
            "cidr_block": "10.123.0.0/16",
            "default_network_acl_id": "acl-0fac4bed9a955ee92",
            "default_route_table_id": "rtb-057376c51d2988816",
            "default_security_group_id": "sg-028c9ed1ed5493ee3",
            "dhcp_options_id": "dopt-6aab4e12",
            "enable_dns_hostnames": true,
            "enable_dns_support": true,
            "enable_network_address_usage_metrics": false,
            "id": "vpc-08e549599bac0693c",
            "instance_tenancy": "default",
            "ipv4_ipam_pool_id": null,
            "ipv4_netmask_length": null,
            "ipv6_association_id": "",
            "ipv6_cidr_block": "",
            "ipv6_cidr_block_network_border_group": "",
            "ipv6_ipam_pool_id": "",
            "ipv6_netmask_length": 0,
            "main_route_table_id": "rtb-057376c51d2988816",
            "owner_id": "573137513283",
            "tags": {
              "Name": "jc_vpc"
            },
            "tags_all": {
              "Name": "jc_vpc"
            }
          },
          "sensitive_attributes": [],
          "identity_schema_version": 0,
          "private": "eyJzY2hlbWFfdmVyc2lvbiI6IjEifQ=="
        }
      ]
    }
  ],
  "check_results": null
}
